
Microsoft Visual Studio Solution File, Format Version 12.00
Project("{FAE04EC0-301F-11D3-BF4B-00C04F79EFBC}") = "NixpacksSDK", "NixpacksSDK\NixpacksSDK.csproj", "{DC29F783-0788-46E9-BEDA-C829CF35AF18}"
EndProject
Project("{FAE04EC0-301F-11D3-BF4B-00C04F79EFBC}") = "NixConsoleDemo", "NixConsoleDemo\NixConsoleDemo.csproj", "{D7E69BA8-789B-492D-B6B8-EEE699D2FFA2}"
EndProject
Global
	GlobalSection(SolutionConfigurationPlatforms) = preSolution
		Debug|Any CPU = Debug|Any CPU
		Release|Any CPU = Release|Any CPU
	EndGlobalSection
	GlobalSection(ProjectConfigurationPlatforms) = postSolution
		{DC29F783-0788-46E9-BEDA-C829CF35AF18}.Debug|Any CPU.ActiveCfg = Debug|Any CPU
		{DC29F783-0788-46E9-BEDA-C829CF35AF18}.Debug|Any CPU.Build.0 = Debug|Any CPU
		{DC29F783-0788-46E9-BEDA-C829CF35AF18}.Release|Any CPU.ActiveCfg = Release|Any CPU
		{DC29F783-0788-46E9-BEDA-C829CF35AF18}.Release|Any CPU.Build.0 = Release|Any CPU
		{D7E69BA8-789B-492D-B6B8-EEE699D2FFA2}.Debug|Any CPU.ActiveCfg = Debug|Any CPU
		{D7E69BA8-789B-492D-B6B8-EEE699D2FFA2}.Debug|Any CPU.Build.0 = Debug|Any CPU
		{D7E69BA8-789B-492D-B6B8-EEE699D2FFA2}.Release|Any CPU.ActiveCfg = Release|Any CPU
		{D7E69BA8-789B-492D-B6B8-EEE699D2FFA2}.Release|Any CPU.Build.0 = Release|Any CPU
	EndGlobalSection
EndGlobal
